
Microsoft Visual Studio Solution File, Format Version 12.00
Project("{FAE04EC0-301F-11D3-BF4B-00C04F79EFBC}") = "Homework3", "Homework3\Homework3.csproj", "{9FBD910B-25C7-4191-9B18-213C1F050376}"
EndProject
Project("{FAE04EC0-301F-11D3-BF4B-00C04F79EFBC}") = "Homework3.Tests", "Homework3.Tests\Homework3.Tests.csproj", "{ABECEF76-5F6A-49EF-9DEC-26BBCF104020}"
EndProject
Global
	GlobalSection(SolutionConfigurationPlatforms) = preSolution
		Debug|Any CPU = Debug|Any CPU
		Release|Any CPU = Release|Any CPU
	EndGlobalSection
	GlobalSection(ProjectConfigurationPlatforms) = postSolution
		{9FBD910B-25C7-4191-9B18-213C1F050376}.Debug|Any CPU.ActiveCfg = Debug|Any CPU
		{9FBD910B-25C7-4191-9B18-213C1F050376}.Debug|Any CPU.Build.0 = Debug|Any CPU
		{9FBD910B-25C7-4191-9B18-213C1F050376}.Release|Any CPU.ActiveCfg = Release|Any CPU
		{9FBD910B-25C7-4191-9B18-213C1F050376}.Release|Any CPU.Build.0 = Release|Any CPU
		{ABECEF76-5F6A-49EF-9DEC-26BBCF104020}.Debug|Any CPU.ActiveCfg = Debug|Any CPU
		{ABECEF76-5F6A-49EF-9DEC-26BBCF104020}.Debug|Any CPU.Build.0 = Debug|Any CPU
		{ABECEF76-5F6A-49EF-9DEC-26BBCF104020}.Release|Any CPU.ActiveCfg = Release|Any CPU
		{ABECEF76-5F6A-49EF-9DEC-26BBCF104020}.Release|Any CPU.Build.0 = Release|Any CPU
	EndGlobalSection
EndGlobal
